
Microsoft Visual Studio Solution File, Format Version 12.00
# Visual Studio Version 16
VisualStudioVersion = 16.0.810.21
MinimumVisualStudioVersion = 10.0.40219.1
Project("{FAE04EC0-301F-11D3-BF4B-00C04F79EFBC}") = "currency_and_degree", "currency_and_degree\currency_and_degree.csproj", "{9DE5D943-AFF6-4C70-89CD-B4A397971E9A}"
EndProject
Global
	GlobalSection(SolutionConfigurationPlatforms) = preSolution
		Debug|Any CPU = Debug|Any CPU
		Release|Any CPU = Release|Any CPU
	EndGlobalSection
	GlobalSection(ProjectConfigurationPlatforms) = postSolution
		{9DE5D943-AFF6-4C70-89CD-B4A397971E9A}.Debug|Any CPU.ActiveCfg = Debug|Any CPU
		{9DE5D943-AFF6-4C70-89CD-B4A397971E9A}.Debug|Any CPU.Build.0 = Debug|Any CPU
		{9DE5D943-AFF6-4C70-89CD-B4A397971E9A}.Release|Any CPU.ActiveCfg = Release|Any CPU
		{9DE5D943-AFF6-4C70-89CD-B4A397971E9A}.Release|Any CPU.Build.0 = Release|Any CPU
	EndGlobalSection
	GlobalSection(SolutionProperties) = preSolution
		HideSolutionNode = FALSE
	EndGlobalSection
	GlobalSection(ExtensibilityGlobals) = postSolution
		SolutionGuid = {0CC3118B-E4EC-4E1D-8488-778B154EC3E3}
	EndGlobalSection
EndGlobal
